
Microsoft Visual Studio Solution File, Format Version 12.00
# Visual Studio Version 17
VisualStudioVersion = 17.6.33723.286
MinimumVisualStudioVersion = 10.0.40219.1
Project("{FAE04EC0-301F-11D3-BF4B-00C04F79EFBC}") = "MVCCoreTutorial", "MVCCoreTutorial\MVCCoreTutorial.csproj", "{31831BC1-222F-432D-BD38-9F58202F8FFD}"
EndProject
Global
	GlobalSection(SolutionConfigurationPlatforms) = preSolution
		Debug|Any CPU = Debug|Any CPU
		Release|Any CPU = Release|Any CPU
	EndGlobalSection
	GlobalSection(ProjectConfigurationPlatforms) = postSolution
		{31831BC1-222F-432D-BD38-9F58202F8FFD}.Debug|Any CPU.ActiveCfg = Debug|Any CPU
		{31831BC1-222F-432D-BD38-9F58202F8FFD}.Debug|Any CPU.Build.0 = Debug|Any CPU
		{31831BC1-222F-432D-BD38-9F58202F8FFD}.Release|Any CPU.ActiveCfg = Release|Any CPU
		{31831BC1-222F-432D-BD38-9F58202F8FFD}.Release|Any CPU.Build.0 = Release|Any CPU
	EndGlobalSection
	GlobalSection(SolutionProperties) = preSolution
		HideSolutionNode = FALSE
	EndGlobalSection
	GlobalSection(ExtensibilityGlobals) = postSolution
		SolutionGuid = {0CD8B8D3-A375-42F9-8B46-764B3594C3E2}
	EndGlobalSection
EndGlobal
